
Microsoft Visual Studio Solution File, Format Version 12.00
# Visual Studio 15
VisualStudioVersion = 15.0.26730.16
MinimumVisualStudioVersion = 10.0.40219.1
Project("{FAE04EC0-301F-11D3-BF4B-00C04F79EFBC}") = "RegisterAnimalClient", "RegisterAnimalClient\RegisterAnimalClient.csproj", "{F5207EF1-BAE3-44A4-AFB1-294F8CF6765B}"
EndProject
Global
	GlobalSection(SolutionConfigurationPlatforms) = preSolution
		Debug|Any CPU = Debug|Any CPU
		Release|Any CPU = Release|Any CPU
	EndGlobalSection
	GlobalSection(ProjectConfigurationPlatforms) = postSolution
		{F5207EF1-BAE3-44A4-AFB1-294F8CF6765B}.Debug|Any CPU.ActiveCfg = Debug|Any CPU
		{F5207EF1-BAE3-44A4-AFB1-294F8CF6765B}.Debug|Any CPU.Build.0 = Debug|Any CPU
		{F5207EF1-BAE3-44A4-AFB1-294F8CF6765B}.Release|Any CPU.ActiveCfg = Release|Any CPU
		{F5207EF1-BAE3-44A4-AFB1-294F8CF6765B}.Release|Any CPU.Build.0 = Release|Any CPU
	EndGlobalSection
	GlobalSection(SolutionProperties) = preSolution
		HideSolutionNode = FALSE
	EndGlobalSection
	GlobalSection(ExtensibilityGlobals) = postSolution
		SolutionGuid = {D37FBEAA-2030-44FC-BD54-4C14DBBB2DC9}
	EndGlobalSection
EndGlobal
